
Microsoft Visual Studio Solution File, Format Version 12.00
# Visual Studio Version 17
VisualStudioVersion = 17.14.36203.30
MinimumVisualStudioVersion = 10.0.40219.1
Project("{FAE04EC0-301F-11D3-BF4B-00C04F79EFBC}") = "RabbitMQ_Consumer", "RabbitMQ_Consumer\RabbitMQ_Consumer.csproj", "{FCC70E76-4AE7-4B49-B17A-C9D14696EF1E}"
EndProject
Project("{FAE04EC0-301F-11D3-BF4B-00C04F79EFBC}") = "RabbitMQ.DirectExchange_Consumer", "RabbitMQ.DirectExchange_Consumer\RabbitMQ.DirectExchange_Consumer.csproj", "{EFF39199-1DAA-4AAA-82CA-AAFEB6A137B0}"
EndProject
Project("{FAE04EC0-301F-11D3-BF4B-00C04F79EFBC}") = "RabbitMQ.FanoutExchange_Consumer", "RabbitMQ.FanoutExchange_Consumer\RabbitMQ.FanoutExchange_Consumer.csproj", "{473DA22A-9B4C-43C2-8A91-05C8B80B8C62}"
EndProject
Project("{FAE04EC0-301F-11D3-BF4B-00C04F79EFBC}") = "RabbitMQ.TopicExchange_Consumer", "RabbitMQ.TopicExchange_Consumer\RabbitMQ.TopicExchange_Consumer.csproj", "{62BAC1EC-7F8A-4173-BE2C-5CD3C3A43A0D}"
EndProject
Global
	GlobalSection(SolutionConfigurationPlatforms) = preSolution
		Debug|Any CPU = Debug|Any CPU
		Release|Any CPU = Release|Any CPU
	EndGlobalSection
	GlobalSection(ProjectConfigurationPlatforms) = postSolution
		{FCC70E76-4AE7-4B49-B17A-C9D14696EF1E}.Debug|Any CPU.ActiveCfg = Debug|Any CPU
		{FCC70E76-4AE7-4B49-B17A-C9D14696EF1E}.Debug|Any CPU.Build.0 = Debug|Any CPU
		{FCC70E76-4AE7-4B49-B17A-C9D14696EF1E}.Release|Any CPU.ActiveCfg = Release|Any CPU
		{FCC70E76-4AE7-4B49-B17A-C9D14696EF1E}.Release|Any CPU.Build.0 = Release|Any CPU
		{EFF39199-1DAA-4AAA-82CA-AAFEB6A137B0}.Debug|Any CPU.ActiveCfg = Debug|Any CPU
		{EFF39199-1DAA-4AAA-82CA-AAFEB6A137B0}.Debug|Any CPU.Build.0 = Debug|Any CPU
		{EFF39199-1DAA-4AAA-82CA-AAFEB6A137B0}.Release|Any CPU.ActiveCfg = Release|Any CPU
		{EFF39199-1DAA-4AAA-82CA-AAFEB6A137B0}.Release|Any CPU.Build.0 = Release|Any CPU
		{473DA22A-9B4C-43C2-8A91-05C8B80B8C62}.Debug|Any CPU.ActiveCfg = Debug|Any CPU
		{473DA22A-9B4C-43C2-8A91-05C8B80B8C62}.Debug|Any CPU.Build.0 = Debug|Any CPU
		{473DA22A-9B4C-43C2-8A91-05C8B80B8C62}.Release|Any CPU.ActiveCfg = Release|Any CPU
		{473DA22A-9B4C-43C2-8A91-05C8B80B8C62}.Release|Any CPU.Build.0 = Release|Any CPU
		{62BAC1EC-7F8A-4173-BE2C-5CD3C3A43A0D}.Debug|Any CPU.ActiveCfg = Debug|Any CPU
		{62BAC1EC-7F8A-4173-BE2C-5CD3C3A43A0D}.Debug|Any CPU.Build.0 = Debug|Any CPU
		{62BAC1EC-7F8A-4173-BE2C-5CD3C3A43A0D}.Release|Any CPU.ActiveCfg = Release|Any CPU
		{62BAC1EC-7F8A-4173-BE2C-5CD3C3A43A0D}.Release|Any CPU.Build.0 = Release|Any CPU
	EndGlobalSection
	GlobalSection(SolutionProperties) = preSolution
		HideSolutionNode = FALSE
	EndGlobalSection
	GlobalSection(ExtensibilityGlobals) = postSolution
		SolutionGuid = {AABE3B34-1F20-493D-BEC4-DF7133F5F5A1}
	EndGlobalSection
EndGlobal
